
Microsoft Visual Studio Solution File, Format Version 12.00
# Visual Studio 15
VisualStudioVersion = 15.0.28307.421
MinimumVisualStudioVersion = 10.0.40219.1
Project("{FAE04EC0-301F-11D3-BF4B-00C04F79EFBC}") = "Sweepstakes", "Sweepstakes\Sweepstakes.csproj", "{53E270DE-4DEC-4D3C-A838-2455790A64AF}"
EndProject
Project("{2150E333-8FDC-42A3-9474-1A3956D46DE8}") = "Solution Items", "Solution Items", "{3FAF8C49-A30A-4104-890E-223EFC3019F0}"
EndProject
Global
	GlobalSection(SolutionConfigurationPlatforms) = preSolution
		Debug|Any CPU = Debug|Any CPU
		Release|Any CPU = Release|Any CPU
	EndGlobalSection
	GlobalSection(ProjectConfigurationPlatforms) = postSolution
		{53E270DE-4DEC-4D3C-A838-2455790A64AF}.Debug|Any CPU.ActiveCfg = Debug|Any CPU
		{53E270DE-4DEC-4D3C-A838-2455790A64AF}.Debug|Any CPU.Build.0 = Debug|Any CPU
		{53E270DE-4DEC-4D3C-A838-2455790A64AF}.Release|Any CPU.ActiveCfg = Release|Any CPU
		{53E270DE-4DEC-4D3C-A838-2455790A64AF}.Release|Any CPU.Build.0 = Release|Any CPU
	EndGlobalSection
	GlobalSection(SolutionProperties) = preSolution
		HideSolutionNode = FALSE
	EndGlobalSection
	GlobalSection(ExtensibilityGlobals) = postSolution
		SolutionGuid = {812B2ED4-5DF5-4813-B0E1-DBF10FA7B47F}
	EndGlobalSection
EndGlobal
